# This file is automatically @generated by Cargo.
# It is not intended for manual editing.
version = 4

[[package]]
name = "core"
version = "0.1.0"

[[package]]
name = "iptv-adapter-api"
version = "0.1.0"

[[package]]
name = "iptv-adapter-cache"
version = "0.1.0"

[[package]]
name = "iptv-adapter-persistence"
version = "0.1.0"
